
Microsoft Visual Studio Solution File, Format Version 12.00
Project("{9A19103F-16F7-4668-BE54-9A1E7A4F7556}") = "_build", "build\_build.csproj", "{259A30DB-EEEC-4C72-8172-2567FE83BF08}"
EndProject
Project("{2150E333-8FDC-42A3-9474-1A3956D46DE8}") = "src", "src", "{28F480B1-5B51-4928-A992-3AA2E40F9676}"
EndProject
Project("{FAE04EC0-301F-11D3-BF4B-00C04F79EFBC}") = "Backend.Fx.Execution.MicrosoftDependencyInjection", "Backend.Fx.Execution.MicrosoftDependencyInjection\Backend.Fx.Execution.MicrosoftDependencyInjection.csproj", "{BEC48113-0C99-4615-BE5E-EF75FC25480F}"
EndProject
Global
	GlobalSection(SolutionConfigurationPlatforms) = preSolution
		Debug|Any CPU = Debug|Any CPU
		Release|Any CPU = Release|Any CPU
	EndGlobalSection
	GlobalSection(ProjectConfigurationPlatforms) = postSolution
		{259A30DB-EEEC-4C72-8172-2567FE83BF08}.Debug|Any CPU.ActiveCfg = Debug|Any CPU
		{259A30DB-EEEC-4C72-8172-2567FE83BF08}.Release|Any CPU.ActiveCfg = Release|Any CPU
		{BEC48113-0C99-4615-BE5E-EF75FC25480F}.Debug|Any CPU.ActiveCfg = Debug|Any CPU
		{BEC48113-0C99-4615-BE5E-EF75FC25480F}.Debug|Any CPU.Build.0 = Debug|Any CPU
		{BEC48113-0C99-4615-BE5E-EF75FC25480F}.Release|Any CPU.ActiveCfg = Release|Any CPU
		{BEC48113-0C99-4615-BE5E-EF75FC25480F}.Release|Any CPU.Build.0 = Release|Any CPU
	EndGlobalSection
	GlobalSection(NestedProjects) = preSolution
		{BEC48113-0C99-4615-BE5E-EF75FC25480F} = {28F480B1-5B51-4928-A992-3AA2E40F9676}
	EndGlobalSection
EndGlobal
